// !$*UTF8*$!
{
	archiveVersion = 1;
	classes = {
	};
	objectVersion = 50;
	objects = {

/* Begin PBXBuildFile section */
		93112A5E23619C5900DF7CB0 /* AppDelegate.swift in Sources */ = {isa = PBXBuildFile; fileRef = 93112A5D23619C5900DF7CB0 /* AppDelegate.swift */; };
		93112A6023619C5900DF7CB0 /* ViewController.swift in Sources */ = {isa = PBXBuildFile; fileRef = 93112A5F23619C5900DF7CB0 /* ViewController.swift */; };
		93112A6323619C5900DF7CB0 /* Main.storyboard in Resources */ = {isa = PBXBuildFile; fileRef = 93112A6123619C5900DF7CB0 /* Main.storyboard */; };
		93112A6523619C5B00DF7CB0 /* Assets.xcassets in Resources */ = {isa = PBXBuildFile; fileRef = 93112A6423619C5B00DF7CB0 /* Assets.xcassets */; };
		93112A6823619C5B00DF7CB0 /* LaunchScreen.storyboard in Resources */ = {isa = PBXBuildFile; fileRef = 93112A6623619C5B00DF7CB0 /* LaunchScreen.storyboard */; };
		93112A7323619C5B00DF7CB0 /* DangerLabUITests.swift in Sources */ = {isa = PBXBuildFile; fileRef = 93112A7223619C5B00DF7CB0 /* DangerLabUITests.swift */; };
		93EF32662361B02D00A11A34 /* DangerLabTests.swift in Sources */ = {isa = PBXBuildFile; fileRef = 93EF32652361B02D00A11A34 /* DangerLabTests.swift */; };
/* End PBXBuildFile section */

/* Begin PBXContainerItemProxy section */
		93112A6F23619C5B00DF7CB0 /* PBXContainerItemProxy */ = {
			isa = PBXContainerItemProxy;
			containerPortal = 93112A5223619C5900DF7CB0 /* Project object */;
			proxyType = 1;
			remoteGlobalIDString = 93112A5923619C5900DF7CB0;
			remoteInfo = DangerLab;
		};
		93EF32682361B02D00A11A34 /* PBXContainerItemProxy */ = {
			isa = PBXContainerItemProxy;
			containerPortal = 93112A5223619C5900DF7CB0 /* Project object */;
			proxyType = 1;
			remoteGlobalIDString = 93112A5923619C5900DF7CB0;
			remoteInfo = DangerLab;
		};
/* End PBXContainerItemProxy section */

/* Begin PBXFileReference section */
		93112A5A23619C5900DF7CB0 /* DangerLab.app */ = {isa = PBXFileReference; explicitFileType = wrapper.application; includeInIndex = 0; path = DangerLab.app; sourceTree = BUILT_PRODUCTS_DIR; };
		93112A5D23619C5900DF7CB0 /* AppDelegate.swift */ = {isa = PBXFileReference; lastKnownFileType = sourcecode.swift; path = AppDelegate.swift; sourceTree = "<group>"; };
		93112A5F23619C5900DF7CB0 /* ViewController.swift */ = {isa = PBXFileReference; lastKnownFileType = sourcecode.swift; path = ViewController.swift; sourceTree = "<group>"; };
		93112A6223619C5900DF7CB0 /* Base */ = {isa = PBXFileReference; lastKnownFileType = file.storyboard; name = Base; path = Base.lproj/Main.storyboard; sourceTree = "<group>"; };
		93112A6423619C5B00DF7CB0 /* Assets.xcassets */ = {isa = PBXFileReference; lastKnownFileType = folder.assetcatalog; path = Assets.xcassets; sourceTree = "<group>"; };
		93112A6723619C5B00DF7CB0 /* Base */ = {isa = PBXFileReference; lastKnownFileType = file.storyboard; name = Base; path = Base.lproj/LaunchScreen.storyboard; sourceTree = "<group>"; };
		93112A6923619C5B00DF7CB0 /* Info.plist */ = {isa = PBXFileReference; lastKnownFileType = text.plist.xml; path = Info.plist; sourceTree = "<group>"; };
		93112A6E23619C5B00DF7CB0 /* DangerLabUITests.xctest */ = {isa = PBXFileReference; explicitFileType = wrapper.cfbundle; includeInIndex = 0; path = DangerLabUITests.xctest; sourceTree = BUILT_PRODUCTS_DIR; };
		93112A7223619C5B00DF7CB0 /* DangerLabUITests.swift */ = {isa = PBXFileReference; lastKnownFileType = sourcecode.swift; path = DangerLabUITests.swift; sourceTree = "<group>"; };
		93112A7423619C5B00DF7CB0 /* Info.plist */ = {isa = PBXFileReference; lastKnownFileType = text.plist.xml; path = Info.plist; sourceTree = "<group>"; };
		93EF32632361B02D00A11A34 /* DangerLabTests.xctest */ = {isa = PBXFileReference; explicitFileType = wrapper.cfbundle; includeInIndex = 0; path = DangerLabTests.xctest; sourceTree = BUILT_PRODUCTS_DIR; };
		93EF32652361B02D00A11A34 /* DangerLabTests.swift */ = {isa = PBXFileReference; lastKnownFileType = sourcecode.swift; path = DangerLabTests.swift; sourceTree = "<group>"; };
		93EF32672361B02D00A11A34 /* Info.plist */ = {isa = PBXFileReference; lastKnownFileType = text.plist.xml; path = Info.plist; sourceTree = "<group>"; };
/* End PBXFileReference section */

/* Begin PBXFrameworksBuildPhase section */
		93112A5723619C5900DF7CB0 /* Frameworks */ = {
			isa = PBXFrameworksBuildPhase;
			buildActionMask = 2147483647;
			files = (
			);
			runOnlyForDeploymentPostprocessing = 0;
		};
		93112A6B23619C5B00DF7CB0 /* Frameworks */ = {
			isa = PBXFrameworksBuildPhase;
			buildActionMask = 2147483647;
			files = (
			);
			runOnlyForDeploymentPostprocessing = 0;
		};
		93EF32602361B02D00A11A34 /* Frameworks */ = {
			isa = PBXFrameworksBuildPhase;
			buildActionMask = 2147483647;
			files = (
			);
			runOnlyForDeploymentPostprocessing = 0;
		};
/* End PBXFrameworksBuildPhase section */

/* Begin PBXGroup section */
		93112A5123619C5900DF7CB0 = {
			isa = PBXGroup;
			children = (
				93112A5C23619C5900DF7CB0 /* DangerLab */,
				93112A7123619C5B00DF7CB0 /* DangerLabUITests */,
				93EF32642361B02D00A11A34 /* DangerLabTests */,
				93112A5B23619C5900DF7CB0 /* Products */,
			);
			sourceTree = "<group>";
		};
		93112A5B23619C5900DF7CB0 /* Products */ = {
			isa = PBXGroup;
			children = (
				93112A5A23619C5900DF7CB0 /* DangerLab.app */,
				93112A6E23619C5B00DF7CB0 /* DangerLabUITests.xctest */,
				93EF32632361B02D00A11A34 /* DangerLabTests.xctest */,
			);
			name = Products;
			sourceTree = "<group>";
		};
		93112A5C23619C5900DF7CB0 /* DangerLab */ = {
			isa = PBXGroup;
			children = (
				93112A5D23619C5900DF7CB0 /* AppDelegate.swift */,
				93112A5F23619C5900DF7CB0 /* ViewController.swift */,
				93112A6123619C5900DF7CB0 /* Main.storyboard */,
				93112A6423619C5B00DF7CB0 /* Assets.xcassets */,
				93112A6623619C5B00DF7CB0 /* LaunchScreen.storyboard */,
				93112A6923619C5B00DF7CB0 /* Info.plist */,
			);
			path = DangerLab;
			sourceTree = "<group>";
		};
		93112A7123619C5B00DF7CB0 /* DangerLabUITests */ = {
			isa = PBXGroup;
			children = (
				93112A7223619C5B00DF7CB0 /* DangerLabUITests.swift */,
				93112A7423619C5B00DF7CB0 /* Info.plist */,
			);
			path = DangerLabUITests;
			sourceTree = "<group>";
		};
		93EF32642361B02D00A11A34 /* DangerLabTests */ = {
			isa = PBXGroup;
			children = (
				93EF32652361B02D00A11A34 /* DangerLabTests.swift */,
				93EF32672361B02D00A11A34 /* Info.plist */,
			);
			path = DangerLabTests;
			sourceTree = "<group>";
		};
/* End PBXGroup section */

/* Begin PBXNativeTarget section */
		93112A5923619C5900DF7CB0 /* DangerLab */ = {
			isa = PBXNativeTarget;
			buildConfigurationList = 93112A7723619C5B00DF7CB0 /* Build configuration list for PBXNativeTarget "DangerLab" */;
			buildPhases = (
				93112A5623619C5900DF7CB0 /* Sources */,
				93112A5723619C5900DF7CB0 /* Frameworks */,
				93112A5823619C5900DF7CB0 /* Resources */,
			);
			buildRules = (
			);
			dependencies = (
			);
			name = DangerLab;
			productName = DangerLab;
			productReference = 93112A5A23619C5900DF7CB0 /* DangerLab.app */;
			productType = "com.apple.product-type.application";
		};
		93112A6D23619C5B00DF7CB0 /* DangerLabUITests */ = {
			isa = PBXNativeTarget;
			buildConfigurationList = 93112A7A23619C5B00DF7CB0 /* Build configuration list for PBXNativeTarget "DangerLabUITests" */;
			buildPhases = (
				93112A6A23619C5B00DF7CB0 /* Sources */,
				93112A6B23619C5B00DF7CB0 /* Frameworks */,
				93112A6C23619C5B00DF7CB0 /* Resources */,
			);
			buildRules = (
			);
			dependencies = (
				93112A7023619C5B00DF7CB0 /* PBXTargetDependency */,
			);
			name = DangerLabUITests;
			productName = DangerLabUITests;
			productReference = 93112A6E23619C5B00DF7CB0 /* DangerLabUITests.xctest */;
			productType = "com.apple.product-type.bundle.ui-testing";
		};
		93EF32622361B02D00A11A34 /* DangerLabTests */ = {
			isa = PBXNativeTarget;
			buildConfigurationList = 93EF326C2361B02D00A11A34 /* Build configuration list for PBXNativeTarget "DangerLabTests" */;
			buildPhases = (
				93EF325F2361B02D00A11A34 /* Sources */,
				93EF32602361B02D00A11A34 /* Frameworks */,
				93EF32612361B02D00A11A34 /* Resources */,
			);
			buildRules = (
			);
			dependencies = (
				93EF32692361B02D00A11A34 /* PBXTargetDependency */,
			);
			name = DangerLabTests;
			productName = DangerLabTests;
			productReference = 93EF32632361B02D00A11A34 /* DangerLabTests.xctest */;
			productType = "com.apple.product-type.bundle.unit-test";
		};
/* End PBXNativeTarget section */

/* Begin PBXProject section */
		93112A5223619C5900DF7CB0 /* Project object */ = {
			isa = PBXProject;
			attributes = {
				LastSwiftUpdateCheck = 1100;
				LastUpgradeCheck = 1030;
				ORGANIZATIONNAME = touti;
				TargetAttributes = {
					93112A5923619C5900DF7CB0 = {
						CreatedOnToolsVersion = 10.3;
					};
					93112A6D23619C5B00DF7CB0 = {
						CreatedOnToolsVersion = 10.3;
						TestTargetID = 93112A5923619C5900DF7CB0;
					};
					93EF32622361B02D00A11A34 = {
						CreatedOnToolsVersion = 11.0;
						TestTargetID = 93112A5923619C5900DF7CB0;
					};
				};
			};
			buildConfigurationList = 93112A5523619C5900DF7CB0 /* Build configuration list for PBXProject "DangerLab" */;
			compatibilityVersion = "Xcode 9.3";
			developmentRegion = en;
			hasScannedForEncodings = 0;
			knownRegions = (
				en,
				Base,
			);
			mainGroup = 93112A5123619C5900DF7CB0;
			productRefGroup = 93112A5B23619C5900DF7CB0 /* Products */;
			projectDirPath = "";
			projectRoot = "";
			targets = (
				93112A5923619C5900DF7CB0 /* DangerLab */,
				93112A6D23619C5B00DF7CB0 /* DangerLabUITests */,
				93EF32622361B02D00A11A34 /* DangerLabTests */,
			);
		};
/* End PBXProject section */

/* Begin PBXResourcesBuildPhase section */
		93112A5823619C5900DF7CB0 /* Resources */ = {
			isa = PBXResourcesBuildPhase;
			buildActionMask = 2147483647;
			files = (
				93112A6823619C5B00DF7CB0 /* LaunchScreen.storyboard in Resources */,
				93112A6523619C5B00DF7CB0 /* Assets.xcassets in Resources */,
				93112A6323619C5900DF7CB0 /* Main.storyboard in Resources */,
			);
			runOnlyForDeploymentPostprocessing = 0;
		};
		93112A6C23619C5B00DF7CB0 /* Resources */ = {
			isa = PBXResourcesBuildPhase;
			buildActionMask = 2147483647;
			files = (
			);
			runOnlyForDeploymentPostprocessing = 0;
		};
		93EF32612361B02D00A11A34 /* Resources */ = {
			isa = PBXResourcesBuildPhase;
			buildActionMask = 2147483647;
			files = (
			);
			runOnlyForDeploymentPostprocessing = 0;
		};
/* End PBXResourcesBuildPhase section */

/* Begin PBXSourcesBuildPhase section */
		93112A5623619C5900DF7CB0 /* Sources */ = {
			isa = PBXSourcesBuildPhase;
			buildActionMask = 2147483647;
			files = (
				93112A6023619C5900DF7CB0 /* ViewController.swift in Sources */,
				93112A5E23619C5900DF7CB0 /* AppDelegate.swift in Sources */,
			);
			runOnlyForDeploymentPostprocessing = 0;
		};
		93112A6A23619C5B00DF7CB0 /* Sources */ = {
			isa = PBXSourcesBuildPhase;
			buildActionMask = 2147483647;
			files = (
				93112A7323619C5B00DF7CB0 /* DangerLabUITests.swift in Sources */,
			);
			runOnlyForDeploymentPostprocessing = 0;
		};
		93EF325F2361B02D00A11A34 /* Sources */ = {
			isa = PBXSourcesBuildPhase;
			buildActionMask = 2147483647;
			files = (
				93EF32662361B02D00A11A34 /* DangerLabTests.swift in Sources */,
			);
			runOnlyForDeploymentPostprocessing = 0;
		};
/* End PBXSourcesBuildPhase section */

/* Begin PBXTargetDependency section */
		93112A7023619C5B00DF7CB0 /* PBXTargetDependency */ = {
			isa = PBXTargetDependency;
			target = 93112A5923619C5900DF7CB0 /* DangerLab */;
			targetProxy = 93112A6F23619C5B00DF7CB0 /* PBXContainerItemProxy */;
		};
		93EF32692361B02D00A11A34 /* PBXTargetDependency */ = {
			isa = PBXTargetDependency;
			target = 93112A5923619C5900DF7CB0 /* DangerLab */;
			targetProxy = 93EF32682361B02D00A11A34 /* PBXContainerItemProxy */;
		};
/* End PBXTargetDependency section */

/* Begin PBXVariantGroup section */
		93112A6123619C5900DF7CB0 /* Main.storyboard */ = {
			isa = PBXVariantGroup;
			children = (
				93112A6223619C5900DF7CB0 /* Base */,
			);
			name = Main.storyboard;
			sourceTree = "<group>";
		};
		93112A6623619C5B00DF7CB0 /* LaunchScreen.storyboard */ = {
			isa = PBXVariantGroup;
			children = (
				93112A6723619C5B00DF7CB0 /* Base */,
			);
			name = LaunchScreen.storyboard;
			sourceTree = "<group>";
		};
/* End PBXVariantGroup section */

/* Begin XCBuildConfiguration section */
		93112A7523619C5B00DF7CB0 /* Debug */ = {
			isa = XCBuildConfiguration;
			buildSettings = {
				ALWAYS_SEARCH_USER_PATHS = NO;
				CLANG_ANALYZER_NONNULL = YES;
				CLANG_ANALYZER_NUMBER_OBJECT_CONVERSION = YES_AGGRESSIVE;
				CLANG_CXX_LANGUAGE_STANDARD = "gnu++14";
				CLANG_CXX_LIBRARY = "libc++";
				CLANG_ENABLE_MODULES = YES;
				CLANG_ENABLE_OBJC_ARC = YES;
				CLANG_ENABLE_OBJC_WEAK = YES;
				CLANG_WARN_BLOCK_CAPTURE_AUTORELEASING = YES;
				CLANG_WARN_BOOL_CONVERSION = YES;
				CLANG_WARN_COMMA = YES;
				CLANG_WARN_CONSTANT_CONVERSION = YES;
				CLANG_WARN_DEPRECATED_OBJC_IMPLEMENTATIONS = YES;
				CLANG_WARN_DIRECT_OBJC_ISA_USAGE = YES_ERROR;
				CLANG_WARN_DOCUMENTATION_COMMENTS = YES;
				CLANG_WARN_EMPTY_BODY = YES;
				CLANG_WARN_ENUM_CONVERSION = YES;
				CLANG_WARN_INFINITE_RECURSION = YES;
				CLANG_WARN_INT_CONVERSION = YES;
				CLANG_WARN_NON_LITERAL_NULL_CONVERSION = YES;
				CLANG_WARN_OBJC_IMPLICIT_RETAIN_SELF = YES;
				CLANG_WARN_OBJC_LITERAL_CONVERSION = YES;
				CLANG_WARN_OBJC_ROOT_CLASS = YES_ERROR;
				CLANG_WARN_RANGE_LOOP_ANALYSIS = YES;
				CLANG_WARN_STRICT_PROTOTYPES = YES;
				CLANG_WARN_SUSPICIOUS_MOVE = YES;
				CLANG_WARN_UNGUARDED_AVAILABILITY = YES_AGGRESSIVE;
				CLANG_WARN_UNREACHABLE_CODE = YES;
				CLANG_WARN__DUPLICATE_METHOD_MATCH = YES;
				CODE_SIGN_IDENTITY = "iPhone Developer";
				COPY_PHASE_STRIP = NO;
				DEBUG_INFORMATION_FORMAT = dwarf;
				ENABLE_STRICT_OBJC_MSGSEND = YES;
				ENABLE_TESTABILITY = YES;
				GCC_C_LANGUAGE_STANDARD = gnu11;
				GCC_DYNAMIC_NO_PIC = NO;
				GCC_NO_COMMON_BLOCKS = YES;
				GCC_OPTIMIZATION_LEVEL = 0;
				GCC_PREPROCESSOR_DEFINITIONS = (
					"DEBUG=1",
					"$(inherited)",
				);
				GCC_WARN_64_TO_32_BIT_CONVERSION = YES;
				GCC_WARN_ABOUT_RETURN_TYPE = YES_ERROR;
				GCC_WARN_UNDECLARED_SELECTOR = YES;
				GCC_WARN_UNINITIALIZED_AUTOS = YES_AGGRESSIVE;
				GCC_WARN_UNUSED_FUNCTION = YES;
				GCC_WARN_UNUSED_VARIABLE = YES;
				IPHONEOS_DEPLOYMENT_TARGET = 12.4;
				MTL_ENABLE_DEBUG_INFO = INCLUDE_SOURCE;
				MTL_FAST_MATH = YES;
				ONLY_ACTIVE_ARCH = YES;
				SDKROOT = iphoneos;
				SWIFT_ACTIVE_COMPILATION_CONDITIONS = DEBUG;
				SWIFT_OPTIMIZATION_LEVEL = "-Onone";
			};
			name = Debug;
		};
		93112A7623619C5B00DF7CB0 /* Release */ = {
			isa = XCBuildConfiguration;
			buildSettings = {
				ALWAYS_SEARCH_USER_PATHS = NO;
				CLANG_ANALYZER_NONNULL = YES;
				CLANG_ANALYZER_NUMBER_OBJECT_CONVERSION = YES_AGGRESSIVE;
				CLANG_CXX_LANGUAGE_STANDARD = "gnu++14";
				CLANG_CXX_LIBRARY = "libc++";
				CLANG_ENABLE_MODULES = YES;
				CLANG_ENABLE_OBJC_ARC = YES;
				CLANG_ENABLE_OBJC_WEAK = YES;
				CLANG_WARN_BLOCK_CAPTURE_AUTORELEASING = YES;
				CLANG_WARN_BOOL_CONVERSION = YES;
				CLANG_WARN_COMMA = YES;
				CLANG_WARN_CONSTANT_CONVERSION = YES;
				CLANG_WARN_DEPRECATED_OBJC_IMPLEMENTATIONS = YES;
				CLANG_WARN_DIRECT_OBJC_ISA_USAGE = YES_ERROR;
				CLANG_WARN_DOCUMENTATION_COMMENTS = YES;
				CLANG_WARN_EMPTY_BODY = YES;
				CLANG_WARN_ENUM_CONVERSION = YES;
				CLANG_WARN_INFINITE_RECURSION = YES;
				CLANG_WARN_INT_CONVERSION = YES;
				CLANG_WARN_NON_LITERAL_NULL_CONVERSION = YES;
				CLANG_WARN_OBJC_IMPLICIT_RETAIN_SELF = YES;
				CLANG_WARN_OBJC_LITERAL_CONVERSION = YES;
				CLANG_WARN_OBJC_ROOT_CLASS = YES_ERROR;
				CLANG_WARN_RANGE_LOOP_ANALYSIS = YES;
				CLANG_WARN_STRICT_PROTOTYPES = YES;
				CLANG_WARN_SUSPICIOUS_MOVE = YES;
				CLANG_WARN_UNGUARDED_AVAILABILITY = YES_AGGRESSIVE;
				CLANG_WARN_UNREACHABLE_CODE = YES;
				CLANG_WARN__DUPLICATE_METHOD_MATCH = YES;
				CODE_SIGN_IDENTITY = "iPhone Developer";
				COPY_PHASE_STRIP = NO;
				DEBUG_INFORMATION_FORMAT = "dwarf-with-dsym";
				ENABLE_NS_ASSERTIONS = NO;
				ENABLE_STRICT_OBJC_MSGSEND = YES;
				GCC_C_LANGUAGE_STANDARD = gnu11;
				GCC_NO_COMMON_BLOCKS = YES;
				GCC_WARN_64_TO_32_BIT_CONVERSION = YES;
				GCC_WARN_ABOUT_RETURN_TYPE = YES_ERROR;
				GCC_WARN_UNDECLARED_SELECTOR = YES;
				GCC_WARN_UNINITIALIZED_AUTOS = YES_AGGRESSIVE;
				GCC_WARN_UNUSED_FUNCTION = YES;
				GCC_WARN_UNUSED_VARIABLE = YES;
				IPHONEOS_DEPLOYMENT_TARGET = 12.4;
				MTL_ENABLE_DEBUG_INFO = NO;
				MTL_FAST_MATH = YES;
				SDKROOT = iphoneos;
				SWIFT_COMPILATION_MODE = wholemodule;
				SWIFT_OPTIMIZATION_LEVEL = "-O";
				VALIDATE_PRODUCT = YES;
			};
			name = Release;
		};
		93112A7823619C5B00DF7CB0 /* Debug */ = {
			isa = XCBuildConfiguration;
			buildSettings = {
				ASSETCATALOG_COMPILER_APPICON_NAME = AppIcon;
				CODE_SIGN_STYLE = Automatic;
				INFOPLIST_FILE = DangerLab/Info.plist;
				LD_RUNPATH_SEARCH_PATHS = (
					"$(inherited)",
					"@executable_path/Frameworks",
				);
				PRODUCT_BUNDLE_IDENTIFIER = touti.DangerLab;
				PRODUCT_NAME = "$(TARGET_NAME)";
				SWIFT_VERSION = 5.0;
				TARGETED_DEVICE_FAMILY = "1,2";
			};
			name = Debug;
		};
		93112A7923619C5B00DF7CB0 /* Release */ = {
			isa = XCBuildConfiguration;
			buildSettings = {
				ASSETCATALOG_COMPILER_APPICON_NAME = AppIcon;
				CODE_SIGN_STYLE = Automatic;
				INFOPLIST_FILE = DangerLab/Info.plist;
				LD_RUNPATH_SEARCH_PATHS = (
					"$(inherited)",
					"@executable_path/Frameworks",
				);
				PRODUCT_BUNDLE_IDENTIFIER = touti.DangerLab;
				PRODUCT_NAME = "$(TARGET_NAME)";
				SWIFT_VERSION = 5.0;
				TARGETED_DEVICE_FAMILY = "1,2";
			};
			name = Release;
		};
		93112A7B23619C5B00DF7CB0 /* Debug */ = {
			isa = XCBuildConfiguration;
			buildSettings = {
				ALWAYS_EMBED_SWIFT_STANDARD_LIBRARIES = YES;
				CODE_SIGN_STYLE = Automatic;
				INFOPLIST_FILE = DangerLabUITests/Info.plist;
				LD_RUNPATH_SEARCH_PATHS = (
					"$(inherited)",
					"@executable_path/Frameworks",
					"@loader_path/Frameworks",
				);
				PRODUCT_BUNDLE_IDENTIFIER = touti.DangerLabUITests;
				PRODUCT_NAME = "$(TARGET_NAME)";
				SWIFT_VERSION = 5.0;
				TARGETED_DEVICE_FAMILY = "1,2";
				TEST_TARGET_NAME = DangerLab;
			};
			name = Debug;
		};
		93112A7C23619C5B00DF7CB0 /* Release */ = {
			isa = XCBuildConfiguration;
			buildSettings = {
				ALWAYS_EMBED_SWIFT_STANDARD_LIBRARIES = YES;
				CODE_SIGN_STYLE = Automatic;
				INFOPLIST_FILE = DangerLabUITests/Info.plist;
				LD_RUNPATH_SEARCH_PATHS = (
					"$(inherited)",
					"@executable_path/Frameworks",
					"@loader_path/Frameworks",
				);
				PRODUCT_BUNDLE_IDENTIFIER = touti.DangerLabUITests;
				PRODUCT_NAME = "$(TARGET_NAME)";
				SWIFT_VERSION = 5.0;
				TARGETED_DEVICE_FAMILY = "1,2";
				TEST_TARGET_NAME = DangerLab;
			};
			name = Release;
		};
		93EF326A2361B02D00A11A34 /* Debug */ = {
			isa = XCBuildConfiguration;
			buildSettings = {
				BUNDLE_LOADER = "$(TEST_HOST)";
				CODE_SIGN_STYLE = Automatic;
				INFOPLIST_FILE = DangerLabTests/Info.plist;
				IPHONEOS_DEPLOYMENT_TARGET = 13.0;
				LD_RUNPATH_SEARCH_PATHS = (
					"$(inherited)",
					"@executable_path/Frameworks",
					"@loader_path/Frameworks",
				);
				PRODUCT_BUNDLE_IDENTIFIER = touti.DangerLabTests;
				PRODUCT_NAME = "$(TARGET_NAME)";
				SWIFT_VERSION = 5.0;
				TARGETED_DEVICE_FAMILY = "1,2";
				TEST_HOST = "$(BUILT_PRODUCTS_DIR)/DangerLab.app/DangerLab";
			};
			name = Debug;
		};
		93EF326B2361B02D00A11A34 /* Release */ = {
			isa = XCBuildConfiguration;
			buildSettings = {
				BUNDLE_LOADER = "$(TEST_HOST)";
				CODE_SIGN_STYLE = Automatic;
				INFOPLIST_FILE = DangerLabTests/Info.plist;
				IPHONEOS_DEPLOYMENT_TARGET = 13.0;
				LD_RUNPATH_SEARCH_PATHS = (
					"$(inherited)",
					"@executable_path/Frameworks",
					"@loader_path/Frameworks",
				);
				PRODUCT_BUNDLE_IDENTIFIER = touti.DangerLabTests;
				PRODUCT_NAME = "$(TARGET_NAME)";
				SWIFT_VERSION = 5.0;
				TARGETED_DEVICE_FAMILY = "1,2";
				TEST_HOST = "$(BUILT_PRODUCTS_DIR)/DangerLab.app/DangerLab";
			};
			name = Release;
		};
/* End XCBuildConfiguration section */

/* Begin XCConfigurationList section */
		93112A5523619C5900DF7CB0 /* Build configuration list for PBXProject "DangerLab" */ = {
			isa = XCConfigurationList;
			buildConfigurations = (
				93112A7523619C5B00DF7CB0 /* Debug */,
				93112A7623619C5B00DF7CB0 /* Release */,
			);
			defaultConfigurationIsVisible = 0;
			defaultConfigurationName = Release;
		};
		93112A7723619C5B00DF7CB0 /* Build configuration list for PBXNativeTarget "DangerLab" */ = {
			isa = XCConfigurationList;
			buildConfigurations = (
				93112A7823619C5B00DF7CB0 /* Debug */,
				93112A7923619C5B00DF7CB0 /* Release */,
			);
			defaultConfigurationIsVisible = 0;
			defaultConfigurationName = Release;
		};
		93112A7A23619C5B00DF7CB0 /* Build configuration list for PBXNativeTarget "DangerLabUITests" */ = {
			isa = XCConfigurationList;
			buildConfigurations = (
				93112A7B23619C5B00DF7CB0 /* Debug */,
				93112A7C23619C5B00DF7CB0 /* Release */,
			);
			defaultConfigurationIsVisible = 0;
			defaultConfigurationName = Release;
		};
		93EF326C2361B02D00A11A34 /* Build configuration list for PBXNativeTarget "DangerLabTests" */ = {
			isa = XCConfigurationList;
			buildConfigurations = (
				93EF326A2361B02D00A11A34 /* Debug */,
				93EF326B2361B02D00A11A34 /* Release */,
			);
			defaultConfigurationIsVisible = 0;
			defaultConfigurationName = Release;
		};
/* End XCConfigurationList section */
	};
	rootObject = 93112A5223619C5900DF7CB0 /* Project object */;
}
